// !$*UTF8*$!
{
	archiveVersion = 1;
	classes = {
	};
	objectVersion = 50;
	objects = {

/* Begin PBXBuildFile section */
		4EDC17B62549831A002171B8 /* AppDelegate.swift in Sources */ = {isa = PBXBuildFile; fileRef = 4EDC17B52549831A002171B8 /* AppDelegate.swift */; };
		4EDC17B82549831A002171B8 /* SceneDelegate.swift in Sources */ = {isa = PBXBuildFile; fileRef = 4EDC17B72549831A002171B8 /* SceneDelegate.swift */; };
		4EDC17BA2549831A002171B8 /* ViewController.swift in Sources */ = {isa = PBXBuildFile; fileRef = 4EDC17B92549831A002171B8 /* ViewController.swift */; };
		4EDC17BD2549831A002171B8 /* Main.storyboard in Resources */ = {isa = PBXBuildFile; fileRef = 4EDC17BB2549831A002171B8 /* Main.storyboard */; };
		4EDC17BF2549831B002171B8 /* Assets.xcassets in Resources */ = {isa = PBXBuildFile; fileRef = 4EDC17BE2549831B002171B8 /* Assets.xcassets */; };
		4EDC17C22549831B002171B8 /* LaunchScreen.storyboard in Resources */ = {isa = PBXBuildFile; fileRef = 4EDC17C02549831B002171B8 /* LaunchScreen.storyboard */; };
		4EDC17D22549835E002171B8 /* Constants.swift in Sources */ = {isa = PBXBuildFile; fileRef = 4EDC17D12549835E002171B8 /* Constants.swift */; };
		4EDC17D825498363002171B8 /* UILabel.swift in Sources */ = {isa = PBXBuildFile; fileRef = 4EDC17D425498363002171B8 /* UILabel.swift */; };
		4EDC17D925498363002171B8 /* UIImageView.swift in Sources */ = {isa = PBXBuildFile; fileRef = 4EDC17D525498363002171B8 /* UIImageView.swift */; };
		4EDC17DA25498363002171B8 /* ExtensionUivew.swift in Sources */ = {isa = PBXBuildFile; fileRef = 4EDC17D625498363002171B8 /* ExtensionUivew.swift */; };
		4EDC17DB25498363002171B8 /* UIButton.swift in Sources */ = {isa = PBXBuildFile; fileRef = 4EDC17D725498363002171B8 /* UIButton.swift */; };
		4EDC17E02549836E002171B8 /* MainServices.swift in Sources */ = {isa = PBXBuildFile; fileRef = 4EDC17DD2549836E002171B8 /* MainServices.swift */; };
		4EDC17E12549836E002171B8 /* FetchImageModel.swift in Sources */ = {isa = PBXBuildFile; fileRef = 4EDC17DE2549836E002171B8 /* FetchImageModel.swift */; };
		4EDC17E22549836E002171B8 /* FetchVideoModel.swift in Sources */ = {isa = PBXBuildFile; fileRef = 4EDC17DF2549836E002171B8 /* FetchVideoModel.swift */; };
		4EDC17E82549837E002171B8 /* MainVideosModel.swift in Sources */ = {isa = PBXBuildFile; fileRef = 4EDC17E42549837E002171B8 /* MainVideosModel.swift */; };
		4EDC17E92549837E002171B8 /* OnboardingData.swift in Sources */ = {isa = PBXBuildFile; fileRef = 4EDC17E52549837E002171B8 /* OnboardingData.swift */; };
		4EDC17EA2549837E002171B8 /* ListImageData.swift in Sources */ = {isa = PBXBuildFile; fileRef = 4EDC17E62549837E002171B8 /* ListImageData.swift */; };
		4EDC17EB2549837E002171B8 /* MainPhotosModel.swift in Sources */ = {isa = PBXBuildFile; fileRef = 4EDC17E72549837E002171B8 /* MainPhotosModel.swift */; };
		4EDC17EF2549838D002171B8 /* OnboardingVC.swift in Sources */ = {isa = PBXBuildFile; fileRef = 4EDC17ED2549838D002171B8 /* OnboardingVC.swift */; };
		4EDC17F02549838D002171B8 /* CustomTabBarVC.swift in Sources */ = {isa = PBXBuildFile; fileRef = 4EDC17EE2549838D002171B8 /* CustomTabBarVC.swift */; };
		4EDC17F42549839B002171B8 /* ImagesVC.swift in Sources */ = {isa = PBXBuildFile; fileRef = 4EDC17F32549839B002171B8 /* ImagesVC.swift */; };
		4EDC17F7254983A1002171B8 /* SearchVC.swift in Sources */ = {isa = PBXBuildFile; fileRef = 4EDC17F6254983A1002171B8 /* SearchVC.swift */; };
		4EDC17FB254983A6002171B8 /* EditImageVC.swift in Sources */ = {isa = PBXBuildFile; fileRef = 4EDC17F9254983A6002171B8 /* EditImageVC.swift */; };
		4EDC17FC254983A6002171B8 /* ImagePreviewVC.swift in Sources */ = {isa = PBXBuildFile; fileRef = 4EDC17FA254983A6002171B8 /* ImagePreviewVC.swift */; };
		4EDC1803254983C0002171B8 /* VideosVC.swift in Sources */ = {isa = PBXBuildFile; fileRef = 4EDC1801254983C0002171B8 /* VideosVC.swift */; };
		4EDC1804254983C0002171B8 /* VideoCatgoryViewController.swift in Sources */ = {isa = PBXBuildFile; fileRef = 4EDC1802254983C0002171B8 /* VideoCatgoryViewController.swift */; };
		4EDC180A254983E1002171B8 /* PinterestLayout.swift in Sources */ = {isa = PBXBuildFile; fileRef = 4EDC1809254983E1002171B8 /* PinterestLayout.swift */; };
		4EDC180F254983E7002171B8 /* HeaderView.swift in Sources */ = {isa = PBXBuildFile; fileRef = 4EDC180C254983E7002171B8 /* HeaderView.swift */; };
		4EDC1810254983E7002171B8 /* CustomImageView.swift in Sources */ = {isa = PBXBuildFile; fileRef = 4EDC180D254983E7002171B8 /* CustomImageView.swift */; };
		4EDC1811254983E7002171B8 /* VideoHeaderView.swift in Sources */ = {isa = PBXBuildFile; fileRef = 4EDC180E254983E7002171B8 /* VideoHeaderView.swift */; };
		4EDC1814254983EF002171B8 /* BaseCollectionCell.swift in Sources */ = {isa = PBXBuildFile; fileRef = 4EDC1813254983EF002171B8 /* BaseCollectionCell.swift */; };
		4EDC181C25498419002171B8 /* OnboardingCollectionViewCell.swift in Sources */ = {isa = PBXBuildFile; fileRef = 4EDC181B25498419002171B8 /* OnboardingCollectionViewCell.swift */; };
		4EDC18202549841F002171B8 /* ImageCategoryCollectionViewCell.swift in Sources */ = {isa = PBXBuildFile; fileRef = 4EDC181E2549841F002171B8 /* ImageCategoryCollectionViewCell.swift */; };
		4EDC18212549841F002171B8 /* ImageCollectionViewCell.swift in Sources */ = {isa = PBXBuildFile; fileRef = 4EDC181F2549841F002171B8 /* ImageCollectionViewCell.swift */; };
		4EDC182425498428002171B8 /* FilterPreviewCollectionViewCell.swift in Sources */ = {isa = PBXBuildFile; fileRef = 4EDC182325498428002171B8 /* FilterPreviewCollectionViewCell.swift */; };
		4EDC182725498435002171B8 /* VideoCollectionViewCell.swift in Sources */ = {isa = PBXBuildFile; fileRef = 4EDC182625498435002171B8 /* VideoCollectionViewCell.swift */; };
/* End PBXBuildFile section */

/* Begin PBXFileReference section */
		4EDC17B22549831A002171B8 /* PIxel App.app */ = {isa = PBXFileReference; explicitFileType = wrapper.application; includeInIndex = 0; path = "PIxel App.app"; sourceTree = BUILT_PRODUCTS_DIR; };
		4EDC17B52549831A002171B8 /* AppDelegate.swift */ = {isa = PBXFileReference; lastKnownFileType = sourcecode.swift; path = AppDelegate.swift; sourceTree = "<group>"; };
		4EDC17B72549831A002171B8 /* SceneDelegate.swift */ = {isa = PBXFileReference; lastKnownFileType = sourcecode.swift; path = SceneDelegate.swift; sourceTree = "<group>"; };
		4EDC17B92549831A002171B8 /* ViewController.swift */ = {isa = PBXFileReference; lastKnownFileType = sourcecode.swift; path = ViewController.swift; sourceTree = "<group>"; };
		4EDC17BC2549831A002171B8 /* Base */ = {isa = PBXFileReference; lastKnownFileType = file.storyboard; name = Base; path = Base.lproj/Main.storyboard; sourceTree = "<group>"; };
		4EDC17BE2549831B002171B8 /* Assets.xcassets */ = {isa = PBXFileReference; lastKnownFileType = folder.assetcatalog; path = Assets.xcassets; sourceTree = "<group>"; };
		4EDC17C12549831B002171B8 /* Base */ = {isa = PBXFileReference; lastKnownFileType = file.storyboard; name = Base; path = Base.lproj/LaunchScreen.storyboard; sourceTree = "<group>"; };
		4EDC17C32549831B002171B8 /* Info.plist */ = {isa = PBXFileReference; lastKnownFileType = text.plist.xml; path = Info.plist; sourceTree = "<group>"; };
		4EDC17D12549835E002171B8 /* Constants.swift */ = {isa = PBXFileReference; fileEncoding = 4; lastKnownFileType = sourcecode.swift; path = Constants.swift; sourceTree = "<group>"; };
		4EDC17D425498363002171B8 /* UILabel.swift */ = {isa = PBXFileReference; fileEncoding = 4; lastKnownFileType = sourcecode.swift; path = UILabel.swift; sourceTree = "<group>"; };
		4EDC17D525498363002171B8 /* UIImageView.swift */ = {isa = PBXFileReference; fileEncoding = 4; lastKnownFileType = sourcecode.swift; path = UIImageView.swift; sourceTree = "<group>"; };
		4EDC17D625498363002171B8 /* ExtensionUivew.swift */ = {isa = PBXFileReference; fileEncoding = 4; lastKnownFileType = sourcecode.swift; path = ExtensionUivew.swift; sourceTree = "<group>"; };
		4EDC17D725498363002171B8 /* UIButton.swift */ = {isa = PBXFileReference; fileEncoding = 4; lastKnownFileType = sourcecode.swift; path = UIButton.swift; sourceTree = "<group>"; };
		4EDC17DD2549836E002171B8 /* MainServices.swift */ = {isa = PBXFileReference; fileEncoding = 4; lastKnownFileType = sourcecode.swift; path = MainServices.swift; sourceTree = "<group>"; };
		4EDC17DE2549836E002171B8 /* FetchImageModel.swift */ = {isa = PBXFileReference; fileEncoding = 4; lastKnownFileType = sourcecode.swift; path = FetchImageModel.swift; sourceTree = "<group>"; };
		4EDC17DF2549836E002171B8 /* FetchVideoModel.swift */ = {isa = PBXFileReference; fileEncoding = 4; lastKnownFileType = sourcecode.swift; path = FetchVideoModel.swift; sourceTree = "<group>"; };
		4EDC17E42549837E002171B8 /* MainVideosModel.swift */ = {isa = PBXFileReference; fileEncoding = 4; lastKnownFileType = sourcecode.swift; path = MainVideosModel.swift; sourceTree = "<group>"; };
		4EDC17E52549837E002171B8 /* OnboardingData.swift */ = {isa = PBXFileReference; fileEncoding = 4; lastKnownFileType = sourcecode.swift; path = OnboardingData.swift; sourceTree = "<group>"; };
		4EDC17E62549837E002171B8 /* ListImageData.swift */ = {isa = PBXFileReference; fileEncoding = 4; lastKnownFileType = sourcecode.swift; path = ListImageData.swift; sourceTree = "<group>"; };
		4EDC17E72549837E002171B8 /* MainPhotosModel.swift */ = {isa = PBXFileReference; fileEncoding = 4; lastKnownFileType = sourcecode.swift; path = MainPhotosModel.swift; sourceTree = "<group>"; };
		4EDC17ED2549838D002171B8 /* OnboardingVC.swift */ = {isa = PBXFileReference; fileEncoding = 4; lastKnownFileType = sourcecode.swift; path = OnboardingVC.swift; sourceTree = "<group>"; };
		4EDC17EE2549838D002171B8 /* CustomTabBarVC.swift */ = {isa = PBXFileReference; fileEncoding = 4; lastKnownFileType = sourcecode.swift; path = CustomTabBarVC.swift; sourceTree = "<group>"; };
		4EDC17F32549839B002171B8 /* ImagesVC.swift */ = {isa = PBXFileReference; fileEncoding = 4; lastKnownFileType = sourcecode.swift; path = ImagesVC.swift; sourceTree = "<group>"; };
		4EDC17F6254983A1002171B8 /* SearchVC.swift */ = {isa = PBXFileReference; fileEncoding = 4; lastKnownFileType = sourcecode.swift; path = SearchVC.swift; sourceTree = "<group>"; };
		4EDC17F9254983A6002171B8 /* EditImageVC.swift */ = {isa = PBXFileReference; fileEncoding = 4; lastKnownFileType = sourcecode.swift; path = EditImageVC.swift; sourceTree = "<group>"; };
		4EDC17FA254983A6002171B8 /* ImagePreviewVC.swift */ = {isa = PBXFileReference; fileEncoding = 4; lastKnownFileType = sourcecode.swift; path = ImagePreviewVC.swift; sourceTree = "<group>"; };
		4EDC1801254983C0002171B8 /* VideosVC.swift */ = {isa = PBXFileReference; fileEncoding = 4; lastKnownFileType = sourcecode.swift; path = VideosVC.swift; sourceTree = "<group>"; };
		4EDC1802254983C0002171B8 /* VideoCatgoryViewController.swift */ = {isa = PBXFileReference; fileEncoding = 4; lastKnownFileType = sourcecode.swift; path = VideoCatgoryViewController.swift; sourceTree = "<group>"; };
		4EDC1809254983E1002171B8 /* PinterestLayout.swift */ = {isa = PBXFileReference; fileEncoding = 4; lastKnownFileType = sourcecode.swift; path = PinterestLayout.swift; sourceTree = "<group>"; };
		4EDC180C254983E7002171B8 /* HeaderView.swift */ = {isa = PBXFileReference; fileEncoding = 4; lastKnownFileType = sourcecode.swift; path = HeaderView.swift; sourceTree = "<group>"; };
		4EDC180D254983E7002171B8 /* CustomImageView.swift */ = {isa = PBXFileReference; fileEncoding = 4; lastKnownFileType = sourcecode.swift; path = CustomImageView.swift; sourceTree = "<group>"; };
		4EDC180E254983E7002171B8 /* VideoHeaderView.swift */ = {isa = PBXFileReference; fileEncoding = 4; lastKnownFileType = sourcecode.swift; path = VideoHeaderView.swift; sourceTree = "<group>"; };
		4EDC1813254983EF002171B8 /* BaseCollectionCell.swift */ = {isa = PBXFileReference; fileEncoding = 4; lastKnownFileType = sourcecode.swift; path = BaseCollectionCell.swift; sourceTree = "<group>"; };
		4EDC181B25498419002171B8 /* OnboardingCollectionViewCell.swift */ = {isa = PBXFileReference; fileEncoding = 4; lastKnownFileType = sourcecode.swift; path = OnboardingCollectionViewCell.swift; sourceTree = "<group>"; };
		4EDC181E2549841F002171B8 /* ImageCategoryCollectionViewCell.swift */ = {isa = PBXFileReference; fileEncoding = 4; lastKnownFileType = sourcecode.swift; path = ImageCategoryCollectionViewCell.swift; sourceTree = "<group>"; };
		4EDC181F2549841F002171B8 /* ImageCollectionViewCell.swift */ = {isa = PBXFileReference; fileEncoding = 4; lastKnownFileType = sourcecode.swift; path = ImageCollectionViewCell.swift; sourceTree = "<group>"; };
		4EDC182325498428002171B8 /* FilterPreviewCollectionViewCell.swift */ = {isa = PBXFileReference; fileEncoding = 4; lastKnownFileType = sourcecode.swift; path = FilterPreviewCollectionViewCell.swift; sourceTree = "<group>"; };
		4EDC182625498435002171B8 /* VideoCollectionViewCell.swift */ = {isa = PBXFileReference; fileEncoding = 4; lastKnownFileType = sourcecode.swift; path = VideoCollectionViewCell.swift; sourceTree = "<group>"; };
/* End PBXFileReference section */

/* Begin PBXFrameworksBuildPhase section */
		4EDC17AF2549831A002171B8 /* Frameworks */ = {
			isa = PBXFrameworksBuildPhase;
			buildActionMask = 2147483647;
			files = (
			);
			runOnlyForDeploymentPostprocessing = 0;
		};
/* End PBXFrameworksBuildPhase section */

/* Begin PBXGroup section */
		4EDC17A92549831A002171B8 = {
			isa = PBXGroup;
			children = (
				4EDC17B42549831A002171B8 /* PIxel App */,
				4EDC17B32549831A002171B8 /* Products */,
			);
			sourceTree = "<group>";
		};
		4EDC17B32549831A002171B8 /* Products */ = {
			isa = PBXGroup;
			children = (
				4EDC17B22549831A002171B8 /* PIxel App.app */,
			);
			name = Products;
			sourceTree = "<group>";
		};
		4EDC17B42549831A002171B8 /* PIxel App */ = {
			isa = PBXGroup;
			children = (
				4EDC17B52549831A002171B8 /* AppDelegate.swift */,
				4EDC17B72549831A002171B8 /* SceneDelegate.swift */,
				4EDC17D02549834E002171B8 /* helpers */,
				4EDC17CF2549833B002171B8 /* services */,
				4EDC17CD25498331002171B8 /* view */,
				4EDC17CC2549832C002171B8 /* model */,
				4EDC17CA25498323002171B8 /* controller */,
				4EDC17BB2549831A002171B8 /* Main.storyboard */,
				4EDC17BE2549831B002171B8 /* Assets.xcassets */,
				4EDC17C02549831B002171B8 /* LaunchScreen.storyboard */,
				4EDC17C32549831B002171B8 /* Info.plist */,
			);
			path = "PIxel App";
			sourceTree = "<group>";
		};
		4EDC17CA25498323002171B8 /* controller */ = {
			isa = PBXGroup;
			children = (
				4EDC1800254983B3002171B8 /* videos */,
				4EDC17F225498392002171B8 /* Images */,
				4EDC17EE2549838D002171B8 /* CustomTabBarVC.swift */,
				4EDC17ED2549838D002171B8 /* OnboardingVC.swift */,
				4EDC17B92549831A002171B8 /* ViewController.swift */,
			);
			path = controller;
			sourceTree = "<group>";
		};
		4EDC17CC2549832C002171B8 /* model */ = {
			isa = PBXGroup;
			children = (
				4EDC17E62549837E002171B8 /* ListImageData.swift */,
				4EDC17E72549837E002171B8 /* MainPhotosModel.swift */,
				4EDC17E42549837E002171B8 /* MainVideosModel.swift */,
				4EDC17E52549837E002171B8 /* OnboardingData.swift */,
			);
			path = model;
			sourceTree = "<group>";
		};
		4EDC17CD25498331002171B8 /* view */ = {
			isa = PBXGroup;
			children = (
				4EDC1808254983D9002171B8 /* layout */,
				4EDC1807254983D3002171B8 /* custom */,
				4EDC1806254983CC002171B8 /* cell */,
			);
			path = view;
			sourceTree = "<group>";
		};
		4EDC17CF2549833B002171B8 /* services */ = {
			isa = PBXGroup;
			children = (
				4EDC17DE2549836E002171B8 /* FetchImageModel.swift */,
				4EDC17DF2549836E002171B8 /* FetchVideoModel.swift */,
				4EDC17DD2549836E002171B8 /* MainServices.swift */,
			);
			path = services;
			sourceTree = "<group>";
		};
		4EDC17D02549834E002171B8 /* helpers */ = {
			isa = PBXGroup;
			children = (
				4EDC17D12549835E002171B8 /* Constants.swift */,
				4EDC17D625498363002171B8 /* ExtensionUivew.swift */,
				4EDC17D725498363002171B8 /* UIButton.swift */,
				4EDC17D525498363002171B8 /* UIImageView.swift */,
				4EDC17D425498363002171B8 /* UILabel.swift */,
			);
			path = helpers;
			sourceTree = "<group>";
		};
		4EDC17F225498392002171B8 /* Images */ = {
			isa = PBXGroup;
			children = (
				4EDC17F32549839B002171B8 /* ImagesVC.swift */,
				4EDC17FE254983AA002171B8 /* Search */,
			);
			path = Images;
			sourceTree = "<group>";
		};
		4EDC17FE254983AA002171B8 /* Search */ = {
			isa = PBXGroup;
			children = (
				4EDC17F6254983A1002171B8 /* SearchVC.swift */,
				4EDC17F9254983A6002171B8 /* EditImageVC.swift */,
				4EDC17FA254983A6002171B8 /* ImagePreviewVC.swift */,
			);
			path = Search;
			sourceTree = "<group>";
		};
		4EDC1800254983B3002171B8 /* videos */ = {
			isa = PBXGroup;
			children = (
				4EDC1802254983C0002171B8 /* VideoCatgoryViewController.swift */,
				4EDC1801254983C0002171B8 /* VideosVC.swift */,
			);
			name = videos;
			sourceTree = "<group>";
		};
		4EDC1806254983CC002171B8 /* cell */ = {
			isa = PBXGroup;
			children = (
				4EDC1817254983FA002171B8 /* main video */,
				4EDC1816254983F3002171B8 /* main image */,
				4EDC1813254983EF002171B8 /* BaseCollectionCell.swift */,
			);
			path = cell;
			sourceTree = "<group>";
		};
		4EDC1807254983D3002171B8 /* custom */ = {
			isa = PBXGroup;
			children = (
				4EDC180D254983E7002171B8 /* CustomImageView.swift */,
				4EDC180C254983E7002171B8 /* HeaderView.swift */,
				4EDC180E254983E7002171B8 /* VideoHeaderView.swift */,
			);
			path = custom;
			sourceTree = "<group>";
		};
		4EDC1808254983D9002171B8 /* layout */ = {
			isa = PBXGroup;
			children = (
				4EDC1809254983E1002171B8 /* PinterestLayout.swift */,
			);
			path = layout;
			sourceTree = "<group>";
		};
		4EDC1816254983F3002171B8 /* main image */ = {
			isa = PBXGroup;
			children = (
				4EDC181A25498412002171B8 /* onboard */,
				4EDC18192549840C002171B8 /* images */,
				4EDC181825498405002171B8 /* edit image */,
			);
			path = "main image";
			sourceTree = "<group>";
		};
		4EDC1817254983FA002171B8 /* main video */ = {
			isa = PBXGroup;
			children = (
				4EDC182625498435002171B8 /* VideoCollectionViewCell.swift */,
			);
			path = "main video";
			sourceTree = "<group>";
		};
		4EDC181825498405002171B8 /* edit image */ = {
			isa = PBXGroup;
			children = (
				4EDC182325498428002171B8 /* FilterPreviewCollectionViewCell.swift */,
			);
			path = "edit image";
			sourceTree = "<group>";
		};
		4EDC18192549840C002171B8 /* images */ = {
			isa = PBXGroup;
			children = (
				4EDC181E2549841F002171B8 /* ImageCategoryCollectionViewCell.swift */,
				4EDC181F2549841F002171B8 /* ImageCollectionViewCell.swift */,
			);
			path = images;
			sourceTree = "<group>";
		};
		4EDC181A25498412002171B8 /* onboard */ = {
			isa = PBXGroup;
			children = (
				4EDC181B25498419002171B8 /* OnboardingCollectionViewCell.swift */,
			);
			path = onboard;
			sourceTree = "<group>";
		};
/* End PBXGroup section */

/* Begin PBXNativeTarget section */
		4EDC17B12549831A002171B8 /* PIxel App */ = {
			isa = PBXNativeTarget;
			buildConfigurationList = 4EDC17C62549831B002171B8 /* Build configuration list for PBXNativeTarget "PIxel App" */;
			buildPhases = (
				4EDC17AE2549831A002171B8 /* Sources */,
				4EDC17AF2549831A002171B8 /* Frameworks */,
				4EDC17B02549831A002171B8 /* Resources */,
			);
			buildRules = (
			);
			dependencies = (
			);
			name = "PIxel App";
			productName = "PIxel App";
			productReference = 4EDC17B22549831A002171B8 /* PIxel App.app */;
			productType = "com.apple.product-type.application";
		};
/* End PBXNativeTarget section */

/* Begin PBXProject section */
		4EDC17AA2549831A002171B8 /* Project object */ = {
			isa = PBXProject;
			attributes = {
				LastSwiftUpdateCheck = 1200;
				LastUpgradeCheck = 1200;
				TargetAttributes = {
					4EDC17B12549831A002171B8 = {
						CreatedOnToolsVersion = 12.0;
					};
				};
			};
			buildConfigurationList = 4EDC17AD2549831A002171B8 /* Build configuration list for PBXProject "PIxel App" */;
			compatibilityVersion = "Xcode 9.3";
			developmentRegion = en;
			hasScannedForEncodings = 0;
			knownRegions = (
				en,
				Base,
			);
			mainGroup = 4EDC17A92549831A002171B8;
			productRefGroup = 4EDC17B32549831A002171B8 /* Products */;
			projectDirPath = "";
			projectRoot = "";
			targets = (
				4EDC17B12549831A002171B8 /* PIxel App */,
			);
		};
/* End PBXProject section */

/* Begin PBXResourcesBuildPhase section */
		4EDC17B02549831A002171B8 /* Resources */ = {
			isa = PBXResourcesBuildPhase;
			buildActionMask = 2147483647;
			files = (
				4EDC17C22549831B002171B8 /* LaunchScreen.storyboard in Resources */,
				4EDC17BF2549831B002171B8 /* Assets.xcassets in Resources */,
				4EDC17BD2549831A002171B8 /* Main.storyboard in Resources */,
			);
			runOnlyForDeploymentPostprocessing = 0;
		};
/* End PBXResourcesBuildPhase section */

/* Begin PBXSourcesBuildPhase section */
		4EDC17AE2549831A002171B8 /* Sources */ = {
			isa = PBXSourcesBuildPhase;
			buildActionMask = 2147483647;
			files = (
				4EDC182725498435002171B8 /* VideoCollectionViewCell.swift in Sources */,
				4EDC17FC254983A6002171B8 /* ImagePreviewVC.swift in Sources */,
				4EDC17F42549839B002171B8 /* ImagesVC.swift in Sources */,
				4EDC17DA25498363002171B8 /* ExtensionUivew.swift in Sources */,
				4EDC17D825498363002171B8 /* UILabel.swift in Sources */,
				4EDC17BA2549831A002171B8 /* ViewController.swift in Sources */,
				4EDC17DB25498363002171B8 /* UIButton.swift in Sources */,
				4EDC1814254983EF002171B8 /* BaseCollectionCell.swift in Sources */,
				4EDC17F02549838D002171B8 /* CustomTabBarVC.swift in Sources */,
				4EDC17EB2549837E002171B8 /* MainPhotosModel.swift in Sources */,
				4EDC17E92549837E002171B8 /* OnboardingData.swift in Sources */,
				4EDC17E82549837E002171B8 /* MainVideosModel.swift in Sources */,
				4EDC17F7254983A1002171B8 /* SearchVC.swift in Sources */,
				4EDC1804254983C0002171B8 /* VideoCatgoryViewController.swift in Sources */,
				4EDC180A254983E1002171B8 /* PinterestLayout.swift in Sources */,
				4EDC17FB254983A6002171B8 /* EditImageVC.swift in Sources */,
				4EDC182425498428002171B8 /* FilterPreviewCollectionViewCell.swift in Sources */,
				4EDC1803254983C0002171B8 /* VideosVC.swift in Sources */,
				4EDC180F254983E7002171B8 /* HeaderView.swift in Sources */,
				4EDC17E02549836E002171B8 /* MainServices.swift in Sources */,
				4EDC17B62549831A002171B8 /* AppDelegate.swift in Sources */,
				4EDC17EF2549838D002171B8 /* OnboardingVC.swift in Sources */,
				4EDC18202549841F002171B8 /* ImageCategoryCollectionViewCell.swift in Sources */,
				4EDC17E22549836E002171B8 /* FetchVideoModel.swift in Sources */,
				4EDC18212549841F002171B8 /* ImageCollectionViewCell.swift in Sources */,
				4EDC17B82549831A002171B8 /* SceneDelegate.swift in Sources */,
				4EDC17D925498363002171B8 /* UIImageView.swift in Sources */,
				4EDC17E12549836E002171B8 /* FetchImageModel.swift in Sources */,
				4EDC1811254983E7002171B8 /* VideoHeaderView.swift in Sources */,
				4EDC17D22549835E002171B8 /* Constants.swift in Sources */,
				4EDC17EA2549837E002171B8 /* ListImageData.swift in Sources */,
				4EDC181C25498419002171B8 /* OnboardingCollectionViewCell.swift in Sources */,
				4EDC1810254983E7002171B8 /* CustomImageView.swift in Sources */,
			);
			runOnlyForDeploymentPostprocessing = 0;
		};
/* End PBXSourcesBuildPhase section */

/* Begin PBXVariantGroup section */
		4EDC17BB2549831A002171B8 /* Main.storyboard */ = {
			isa = PBXVariantGroup;
			children = (
				4EDC17BC2549831A002171B8 /* Base */,
			);
			name = Main.storyboard;
			sourceTree = "<group>";
		};
		4EDC17C02549831B002171B8 /* LaunchScreen.storyboard */ = {
			isa = PBXVariantGroup;
			children = (
				4EDC17C12549831B002171B8 /* Base */,
			);
			name = LaunchScreen.storyboard;
			sourceTree = "<group>";
		};
/* End PBXVariantGroup section */

/* Begin XCBuildConfiguration section */
		4EDC17C42549831B002171B8 /* Debug */ = {
			isa = XCBuildConfiguration;
			buildSettings = {
				ALWAYS_SEARCH_USER_PATHS = NO;
				CLANG_ANALYZER_NONNULL = YES;
				CLANG_ANALYZER_NUMBER_OBJECT_CONVERSION = YES_AGGRESSIVE;
				CLANG_CXX_LANGUAGE_STANDARD = "gnu++14";
				CLANG_CXX_LIBRARY = "libc++";
				CLANG_ENABLE_MODULES = YES;
				CLANG_ENABLE_OBJC_ARC = YES;
				CLANG_ENABLE_OBJC_WEAK = YES;
				CLANG_WARN_BLOCK_CAPTURE_AUTORELEASING = YES;
				CLANG_WARN_BOOL_CONVERSION = YES;
				CLANG_WARN_COMMA = YES;
				CLANG_WARN_CONSTANT_CONVERSION = YES;
				CLANG_WARN_DEPRECATED_OBJC_IMPLEMENTATIONS = YES;
				CLANG_WARN_DIRECT_OBJC_ISA_USAGE = YES_ERROR;
				CLANG_WARN_DOCUMENTATION_COMMENTS = YES;
				CLANG_WARN_EMPTY_BODY = YES;
				CLANG_WARN_ENUM_CONVERSION = YES;
				CLANG_WARN_INFINITE_RECURSION = YES;
				CLANG_WARN_INT_CONVERSION = YES;
				CLANG_WARN_NON_LITERAL_NULL_CONVERSION = YES;
				CLANG_WARN_OBJC_IMPLICIT_RETAIN_SELF = YES;
				CLANG_WARN_OBJC_LITERAL_CONVERSION = YES;
				CLANG_WARN_OBJC_ROOT_CLASS = YES_ERROR;
				CLANG_WARN_QUOTED_INCLUDE_IN_FRAMEWORK_HEADER = YES;
				CLANG_WARN_RANGE_LOOP_ANALYSIS = YES;
				CLANG_WARN_STRICT_PROTOTYPES = YES;
				CLANG_WARN_SUSPICIOUS_MOVE = YES;
				CLANG_WARN_UNGUARDED_AVAILABILITY = YES_AGGRESSIVE;
				CLANG_WARN_UNREACHABLE_CODE = YES;
				CLANG_WARN__DUPLICATE_METHOD_MATCH = YES;
				COPY_PHASE_STRIP = NO;
				DEBUG_INFORMATION_FORMAT = dwarf;
				ENABLE_STRICT_OBJC_MSGSEND = YES;
				ENABLE_TESTABILITY = YES;
				GCC_C_LANGUAGE_STANDARD = gnu11;
				GCC_DYNAMIC_NO_PIC = NO;
				GCC_NO_COMMON_BLOCKS = YES;
				GCC_OPTIMIZATION_LEVEL = 0;
				GCC_PREPROCESSOR_DEFINITIONS = (
					"DEBUG=1",
					"$(inherited)",
				);
				GCC_WARN_64_TO_32_BIT_CONVERSION = YES;
				GCC_WARN_ABOUT_RETURN_TYPE = YES_ERROR;
				GCC_WARN_UNDECLARED_SELECTOR = YES;
				GCC_WARN_UNINITIALIZED_AUTOS = YES_AGGRESSIVE;
				GCC_WARN_UNUSED_FUNCTION = YES;
				GCC_WARN_UNUSED_VARIABLE = YES;
				IPHONEOS_DEPLOYMENT_TARGET = 14.0;
				MTL_ENABLE_DEBUG_INFO = INCLUDE_SOURCE;
				MTL_FAST_MATH = YES;
				ONLY_ACTIVE_ARCH = YES;
				SDKROOT = iphoneos;
				SWIFT_ACTIVE_COMPILATION_CONDITIONS = DEBUG;
				SWIFT_OPTIMIZATION_LEVEL = "-Onone";
			};
			name = Debug;
		};
		4EDC17C52549831B002171B8 /* Release */ = {
			isa = XCBuildConfiguration;
			buildSettings = {
				ALWAYS_SEARCH_USER_PATHS = NO;
				CLANG_ANALYZER_NONNULL = YES;
				CLANG_ANALYZER_NUMBER_OBJECT_CONVERSION = YES_AGGRESSIVE;
				CLANG_CXX_LANGUAGE_STANDARD = "gnu++14";
				CLANG_CXX_LIBRARY = "libc++";
				CLANG_ENABLE_MODULES = YES;
				CLANG_ENABLE_OBJC_ARC = YES;
				CLANG_ENABLE_OBJC_WEAK = YES;
				CLANG_WARN_BLOCK_CAPTURE_AUTORELEASING = YES;
				CLANG_WARN_BOOL_CONVERSION = YES;
				CLANG_WARN_COMMA = YES;
				CLANG_WARN_CONSTANT_CONVERSION = YES;
				CLANG_WARN_DEPRECATED_OBJC_IMPLEMENTATIONS = YES;
				CLANG_WARN_DIRECT_OBJC_ISA_USAGE = YES_ERROR;
				CLANG_WARN_DOCUMENTATION_COMMENTS = YES;
				CLANG_WARN_EMPTY_BODY = YES;
				CLANG_WARN_ENUM_CONVERSION = YES;
				CLANG_WARN_INFINITE_RECURSION = YES;
				CLANG_WARN_INT_CONVERSION = YES;
				CLANG_WARN_NON_LITERAL_NULL_CONVERSION = YES;
				CLANG_WARN_OBJC_IMPLICIT_RETAIN_SELF = YES;
				CLANG_WARN_OBJC_LITERAL_CONVERSION = YES;
				CLANG_WARN_OBJC_ROOT_CLASS = YES_ERROR;
				CLANG_WARN_QUOTED_INCLUDE_IN_FRAMEWORK_HEADER = YES;
				CLANG_WARN_RANGE_LOOP_ANALYSIS = YES;
				CLANG_WARN_STRICT_PROTOTYPES = YES;
				CLANG_WARN_SUSPICIOUS_MOVE = YES;
				CLANG_WARN_UNGUARDED_AVAILABILITY = YES_AGGRESSIVE;
				CLANG_WARN_UNREACHABLE_CODE = YES;
				CLANG_WARN__DUPLICATE_METHOD_MATCH = YES;
				COPY_PHASE_STRIP = NO;
				DEBUG_INFORMATION_FORMAT = "dwarf-with-dsym";
				ENABLE_NS_ASSERTIONS = NO;
				ENABLE_STRICT_OBJC_MSGSEND = YES;
				GCC_C_LANGUAGE_STANDARD = gnu11;
				GCC_NO_COMMON_BLOCKS = YES;
				GCC_WARN_64_TO_32_BIT_CONVERSION = YES;
				GCC_WARN_ABOUT_RETURN_TYPE = YES_ERROR;
				GCC_WARN_UNDECLARED_SELECTOR = YES;
				GCC_WARN_UNINITIALIZED_AUTOS = YES_AGGRESSIVE;
				GCC_WARN_UNUSED_FUNCTION = YES;
				GCC_WARN_UNUSED_VARIABLE = YES;
				IPHONEOS_DEPLOYMENT_TARGET = 14.0;
				MTL_ENABLE_DEBUG_INFO = NO;
				MTL_FAST_MATH = YES;
				SDKROOT = iphoneos;
				SWIFT_COMPILATION_MODE = wholemodule;
				SWIFT_OPTIMIZATION_LEVEL = "-O";
				VALIDATE_PRODUCT = YES;
			};
			name = Release;
		};
		4EDC17C72549831B002171B8 /* Debug */ = {
			isa = XCBuildConfiguration;
			buildSettings = {
				ASSETCATALOG_COMPILER_APPICON_NAME = AppIcon;
				ASSETCATALOG_COMPILER_GLOBAL_ACCENT_COLOR_NAME = AccentColor;
				CODE_SIGN_STYLE = Automatic;
				DEVELOPMENT_TEAM = 5RTZJMVRS2;
				INFOPLIST_FILE = "PIxel App/Info.plist";
				LD_RUNPATH_SEARCH_PATHS = (
					"$(inherited)",
					"@executable_path/Frameworks",
				);
				PRODUCT_BUNDLE_IDENTIFIER = "com.hosam.net.PIxel-App";
				PRODUCT_NAME = "$(TARGET_NAME)";
				SWIFT_VERSION = 5.0;
				TARGETED_DEVICE_FAMILY = "1,2";
			};
			name = Debug;
		};
		4EDC17C82549831B002171B8 /* Release */ = {
			isa = XCBuildConfiguration;
			buildSettings = {
				ASSETCATALOG_COMPILER_APPICON_NAME = AppIcon;
				ASSETCATALOG_COMPILER_GLOBAL_ACCENT_COLOR_NAME = AccentColor;
				CODE_SIGN_STYLE = Automatic;
				DEVELOPMENT_TEAM = 5RTZJMVRS2;
				INFOPLIST_FILE = "PIxel App/Info.plist";
				LD_RUNPATH_SEARCH_PATHS = (
					"$(inherited)",
					"@executable_path/Frameworks",
				);
				PRODUCT_BUNDLE_IDENTIFIER = "com.hosam.net.PIxel-App";
				PRODUCT_NAME = "$(TARGET_NAME)";
				SWIFT_VERSION = 5.0;
				TARGETED_DEVICE_FAMILY = "1,2";
			};
			name = Release;
		};
/* End XCBuildConfiguration section */

/* Begin XCConfigurationList section */
		4EDC17AD2549831A002171B8 /* Build configuration list for PBXProject "PIxel App" */ = {
			isa = XCConfigurationList;
			buildConfigurations = (
				4EDC17C42549831B002171B8 /* Debug */,
				4EDC17C52549831B002171B8 /* Release */,
			);
			defaultConfigurationIsVisible = 0;
			defaultConfigurationName = Release;
		};
		4EDC17C62549831B002171B8 /* Build configuration list for PBXNativeTarget "PIxel App" */ = {
			isa = XCConfigurationList;
			buildConfigurations = (
				4EDC17C72549831B002171B8 /* Debug */,
				4EDC17C82549831B002171B8 /* Release */,
			);
			defaultConfigurationIsVisible = 0;
			defaultConfigurationName = Release;
		};
/* End XCConfigurationList section */
	};
	rootObject = 4EDC17AA2549831A002171B8 /* Project object */;
}
